
Microsoft Visual Studio Solution File, Format Version 12.00
# Visual Studio Version 17
VisualStudioVersion = 17.12.35707.178
MinimumVisualStudioVersion = 10.0.40219.1
Project("{FAE04EC0-301F-11D3-BF4B-00C04F79EFBC}") = "quanlysinhvien", "quanlysinhvien.csproj", "{DAFFAE47-FEF9-4EFF-A2F6-616331114AFC}"
EndProject
Global
	GlobalSection(SolutionConfigurationPlatforms) = preSolution
		Debug|Any CPU = Debug|Any CPU
		Release|Any CPU = Release|Any CPU
	EndGlobalSection
	GlobalSection(ProjectConfigurationPlatforms) = postSolution
		{DAFFAE47-FEF9-4EFF-A2F6-616331114AFC}.Debug|Any CPU.ActiveCfg = Debug|Any CPU
		{DAFFAE47-FEF9-4EFF-A2F6-616331114AFC}.Debug|Any CPU.Build.0 = Debug|Any CPU
		{DAFFAE47-FEF9-4EFF-A2F6-616331114AFC}.Release|Any CPU.ActiveCfg = Release|Any CPU
		{DAFFAE47-FEF9-4EFF-A2F6-616331114AFC}.Release|Any CPU.Build.0 = Release|Any CPU
	EndGlobalSection
	GlobalSection(SolutionProperties) = preSolution
		HideSolutionNode = FALSE
	EndGlobalSection
EndGlobal
